Microsoft Visual Studio Solution File, Format Version 12.00
# Visual Studio Version 17
VisualStudioVersion = 17.5.2.0
MinimumVisualStudioVersion = 10.0.40219.1
Project("{FAE04EC0-301F-11D3-BF4B-00C04F79EFBC}") = "UM_Project", "UM_Project.csproj", "{32D4DF0E-23CF-CC48-03CC-A911BB5D0802}"
EndProject
Global
	GlobalSection(SolutionConfigurationPlatforms) = preSolution
		Debug|Any CPU = Debug|Any CPU
		Release|Any CPU = Release|Any CPU
	EndGlobalSection
	GlobalSection(ProjectConfigurationPlatforms) = postSolution
		{32D4DF0E-23CF-CC48-03CC-A911BB5D0802}.Debug|Any CPU.ActiveCfg = Debug|Any CPU
		{32D4DF0E-23CF-CC48-03CC-A911BB5D0802}.Debug|Any CPU.Build.0 = Debug|Any CPU
		{32D4DF0E-23CF-CC48-03CC-A911BB5D0802}.Release|Any CPU.ActiveCfg = Release|Any CPU
		{32D4DF0E-23CF-CC48-03CC-A911BB5D0802}.Release|Any CPU.Build.0 = Release|Any CPU
	EndGlobalSection
	GlobalSection(SolutionProperties) = preSolution
		HideSolutionNode = FALSE
	EndGlobalSection
	GlobalSection(ExtensibilityGlobals) = postSolution
		SolutionGuid = {28D25121-F755-48E6-8697-169A81A2C4E3}
	EndGlobalSection
EndGlobal
